
Microsoft Visual Studio Solution File, Format Version 12.00
# Visual Studio Version 17
VisualStudioVersion = 17.4.33213.308
MinimumVisualStudioVersion = 10.0.40219.1
Project("{FAE04EC0-301F-11D3-BF4B-00C04F79EFBC}") = "GetProxyList", "GetProxyList\GetProxyList.csproj", "{A0751964-1333-43F5-AD13-6A288AAE6460}"
EndProject
Global
	GlobalSection(SolutionConfigurationPlatforms) = preSolution
		Debug|Any CPU = Debug|Any CPU
		Release|Any CPU = Release|Any CPU
	EndGlobalSection
	GlobalSection(ProjectConfigurationPlatforms) = postSolution
		{A0751964-1333-43F5-AD13-6A288AAE6460}.Debug|Any CPU.ActiveCfg = Debug|Any CPU
		{A0751964-1333-43F5-AD13-6A288AAE6460}.Debug|Any CPU.Build.0 = Debug|Any CPU
		{A0751964-1333-43F5-AD13-6A288AAE6460}.Release|Any CPU.ActiveCfg = Release|Any CPU
		{A0751964-1333-43F5-AD13-6A288AAE6460}.Release|Any CPU.Build.0 = Release|Any CPU
	EndGlobalSection
	GlobalSection(SolutionProperties) = preSolution
		HideSolutionNode = FALSE
	EndGlobalSection
	GlobalSection(ExtensibilityGlobals) = postSolution
		SolutionGuid = {95C5719C-5138-431D-9884-165DB98D59E2}
	EndGlobalSection
EndGlobal
